
Microsoft Visual Studio Solution File, Format Version 12.00
# Visual Studio Version 16
VisualStudioVersion = 16.0.29009.5
MinimumVisualStudioVersion = 10.0.40219.1
Project("{FAE04EC0-301F-11D3-BF4B-00C04F79EFBC}") = "Server", "Server\Server.csproj", "{7767C300-5FD5-4A5D-9D4C-59559CCE48A3}"
EndProject
Project("{FAE04EC0-301F-11D3-BF4B-00C04F79EFBC}") = "Client", "Client\Client.csproj", "{C3C49F45-2589-4E04-9C50-71B6035C14AE}"
EndProject
Project("{2150E333-8FDC-42A3-9474-1A3956D46DE8}") = "Plugins", "Plugins", "{0DE8DA5D-061D-4649-8A56-48729CF1F789}"
	ProjectSection(SolutionItems) = preProject
		ReadMe.txt = ReadMe.txt
	EndProjectSection
EndProject
Project("{FAE04EC0-301F-11D3-BF4B-00C04F79EFBC}") = "Chat", "Plugin\Chat\Chat\Chat.csproj", "{EE03FAA9-C9E8-4766-BD4E-5CD54C7F13D3}"
EndProject
Project("{FAE04EC0-301F-11D3-BF4B-00C04F79EFBC}") = "Extra", "Plugin\Extra\Extra\Extra.csproj", "{424B81BE-2FAC-419F-B4BC-00CCBE38491F}"
EndProject
Project("{FAE04EC0-301F-11D3-BF4B-00C04F79EFBC}") = "FileManager", "Plugin\FileManager\FileManager\FileManager.csproj", "{BEE88186-769A-452C-9DD9-D0E0815D92BF}"
EndProject
Project("{FAE04EC0-301F-11D3-BF4B-00C04F79EFBC}") = "LimeLogger", "Plugin\LimeLogger\LimeLogger\LimeLogger.csproj", "{DAFE686A-461B-402B-BBD7-2A2F4C87C773}"
EndProject
Project("{FAE04EC0-301F-11D3-BF4B-00C04F79EFBC}") = "Miscellaneous", "Plugin\Miscellaneous\Miscellaneous\Miscellaneous.csproj", "{37E20BAF-3577-4CD9-BB39-18675854E255}"
EndProject
Project("{FAE04EC0-301F-11D3-BF4B-00C04F79EFBC}") = "Options", "Plugin\Options\Options\Options.csproj", "{6AA4E392-AAAF-4408-B550-85863DD4BAAF}"
EndProject
Project("{FAE04EC0-301F-11D3-BF4B-00C04F79EFBC}") = "ProcessManager", "Plugin\ProcessManager\ProcessManager\ProcessManager.csproj", "{D640C36B-2C66-449B-A145-EB98322A67C8}"
EndProject
Project("{FAE04EC0-301F-11D3-BF4B-00C04F79EFBC}") = "Recovery", "Plugin\Recovery\Recovery\Recovery.csproj", "{8BFC8ED2-71CC-49DC-9020-2C8199BC27B6}"
EndProject
Project("{FAE04EC0-301F-11D3-BF4B-00C04F79EFBC}") = "RemoteCamera", "Plugin\RemoteCamera\RemoteCamera\RemoteCamera.csproj", "{619B7612-DFEA-442A-A927-D997F99C497B}"
EndProject
Project("{FAE04EC0-301F-11D3-BF4B-00C04F79EFBC}") = "RemoteDesktop", "Plugin\RemoteDesktop\RemoteDesktop\RemoteDesktop.csproj", "{9042B543-13D1-42B3-A5B6-5CC9AD55E150}"
EndProject
Project("{FAE04EC0-301F-11D3-BF4B-00C04F79EFBC}") = "SendFile", "Plugin\SendFile\SendFile\SendFile.csproj", "{8DE42DA3-BE99-4E7E-A3D2-3F65E7C1ABCE}"
EndProject
Project("{FAE04EC0-301F-11D3-BF4B-00C04F79EFBC}") = "SendMemory", "Plugin\SendMemory\SendMemory\SendMemory.csproj", "{0E423DD6-FAAF-4A66-8828-6A5A5F22269B}"
EndProject
Project("{FAE04EC0-301F-11D3-BF4B-00C04F79EFBC}") = "FileSearcher", "Plugin\FileSearcher\FileSearcher\FileSearcher.csproj", "{9D1D39D8-2387-46ED-A4A8-59D250C97F35}"
EndProject
Project("{FAE04EC0-301F-11D3-BF4B-00C04F79EFBC}") = "MessagePackLib", "MessagePack\MessagePackLib.csproj", "{DC199D9E-CF10-41DD-BBCD-98E71BA8679D}"
EndProject
Global
	GlobalSection(SolutionConfigurationPlatforms) = preSolution
		Debug|Any CPU = Debug|Any CPU
		Release|Any CPU = Release|Any CPU
	EndGlobalSection
	GlobalSection(ProjectConfigurationPlatforms) = postSolution
		{7767C300-5FD5-4A5D-9D4C-59559CCE48A3}.Debug|Any CPU.ActiveCfg = Debug|Any CPU
		{7767C300-5FD5-4A5D-9D4C-59559CCE48A3}.Debug|Any CPU.Build.0 = Debug|Any CPU
		{7767C300-5FD5-4A5D-9D4C-59559CCE48A3}.Release|Any CPU.ActiveCfg = Release|Any CPU
		{7767C300-5FD5-4A5D-9D4C-59559CCE48A3}.Release|Any CPU.Build.0 = Release|Any CPU
		{C3C49F45-2589-4E04-9C50-71B6035C14AE}.Debug|Any CPU.ActiveCfg = Debug|Any CPU
		{C3C49F45-2589-4E04-9C50-71B6035C14AE}.Debug|Any CPU.Build.0 = Debug|Any CPU
		{C3C49F45-2589-4E04-9C50-71B6035C14AE}.Release|Any CPU.ActiveCfg = Release|Any CPU
		{C3C49F45-2589-4E04-9C50-71B6035C14AE}.Release|Any CPU.Build.0 = Release|Any CPU
		{EE03FAA9-C9E8-4766-BD4E-5CD54C7F13D3}.Debug|Any CPU.ActiveCfg = Debug|Any CPU
		{EE03FAA9-C9E8-4766-BD4E-5CD54C7F13D3}.Debug|Any CPU.Build.0 = Debug|Any CPU
		{EE03FAA9-C9E8-4766-BD4E-5CD54C7F13D3}.Release|Any CPU.ActiveCfg = Release|Any CPU
		{EE03FAA9-C9E8-4766-BD4E-5CD54C7F13D3}.Release|Any CPU.Build.0 = Release|Any CPU
		{424B81BE-2FAC-419F-B4BC-00CCBE38491F}.Debug|Any CPU.ActiveCfg = Debug|Any CPU
		{424B81BE-2FAC-419F-B4BC-00CCBE38491F}.Debug|Any CPU.Build.0 = Debug|Any CPU
		{424B81BE-2FAC-419F-B4BC-00CCBE38491F}.Release|Any CPU.ActiveCfg = Release|Any CPU
		{424B81BE-2FAC-419F-B4BC-00CCBE38491F}.Release|Any CPU.Build.0 = Release|Any CPU
		{BEE88186-769A-452C-9DD9-D0E0815D92BF}.Debug|Any CPU.ActiveCfg = Debug|Any CPU
		{BEE88186-769A-452C-9DD9-D0E0815D92BF}.Debug|Any CPU.Build.0 = Debug|Any CPU
		{BEE88186-769A-452C-9DD9-D0E0815D92BF}.Release|Any CPU.ActiveCfg = Release|Any CPU
		{BEE88186-769A-452C-9DD9-D0E0815D92BF}.Release|Any CPU.Build.0 = Release|Any CPU
		{DAFE686A-461B-402B-BBD7-2A2F4C87C773}.Debug|Any CPU.ActiveCfg = Debug|Any CPU
		{DAFE686A-461B-402B-BBD7-2A2F4C87C773}.Debug|Any CPU.Build.0 = Debug|Any CPU
		{DAFE686A-461B-402B-BBD7-2A2F4C87C773}.Release|Any CPU.ActiveCfg = Release|Any CPU
		{DAFE686A-461B-402B-BBD7-2A2F4C87C773}.Release|Any CPU.Build.0 = Release|Any CPU
		{37E20BAF-3577-4CD9-BB39-18675854E255}.Debug|Any CPU.ActiveCfg = Debug|Any CPU
		{37E20BAF-3577-4CD9-BB39-18675854E255}.Debug|Any CPU.Build.0 = Debug|Any CPU
		{37E20BAF-3577-4CD9-BB39-18675854E255}.Release|Any CPU.ActiveCfg = Release|Any CPU
		{37E20BAF-3577-4CD9-BB39-18675854E255}.Release|Any CPU.Build.0 = Release|Any CPU
		{6AA4E392-AAAF-4408-B550-85863DD4BAAF}.Debug|Any CPU.ActiveCfg = Debug|Any CPU
		{6AA4E392-AAAF-4408-B550-85863DD4BAAF}.Debug|Any CPU.Build.0 = Debug|Any CPU
		{6AA4E392-AAAF-4408-B550-85863DD4BAAF}.Release|Any CPU.ActiveCfg = Release|Any CPU
		{6AA4E392-AAAF-4408-B550-85863DD4BAAF}.Release|Any CPU.Build.0 = Release|Any CPU
		{D640C36B-2C66-449B-A145-EB98322A67C8}.Debug|Any CPU.ActiveCfg = Debug|Any CPU
		{D640C36B-2C66-449B-A145-EB98322A67C8}.Debug|Any CPU.Build.0 = Debug|Any CPU
		{D640C36B-2C66-449B-A145-EB98322A67C8}.Release|Any CPU.ActiveCfg = Release|Any CPU
		{D640C36B-2C66-449B-A145-EB98322A67C8}.Release|Any CPU.Build.0 = Release|Any CPU
		{8BFC8ED2-71CC-49DC-9020-2C8199BC27B6}.Debug|Any CPU.ActiveCfg = Debug|Any CPU
		{8BFC8ED2-71CC-49DC-9020-2C8199BC27B6}.Debug|Any CPU.Build.0 = Debug|Any CPU
		{8BFC8ED2-71CC-49DC-9020-2C8199BC27B6}.Release|Any CPU.ActiveCfg = Release|Any CPU
		{8BFC8ED2-71CC-49DC-9020-2C8199BC27B6}.Release|Any CPU.Build.0 = Release|Any CPU
		{619B7612-DFEA-442A-A927-D997F99C497B}.Debug|Any CPU.ActiveCfg = Debug|Any CPU
		{619B7612-DFEA-442A-A927-D997F99C497B}.Debug|Any CPU.Build.0 = Debug|Any CPU
		{619B7612-DFEA-442A-A927-D997F99C497B}.Release|Any CPU.ActiveCfg = Release|Any CPU
		{619B7612-DFEA-442A-A927-D997F99C497B}.Release|Any CPU.Build.0 = Release|Any CPU
		{9042B543-13D1-42B3-A5B6-5CC9AD55E150}.Debug|Any CPU.ActiveCfg = Debug|Any CPU
		{9042B543-13D1-42B3-A5B6-5CC9AD55E150}.Debug|Any CPU.Build.0 = Debug|Any CPU
		{9042B543-13D1-42B3-A5B6-5CC9AD55E150}.Release|Any CPU.ActiveCfg = Release|Any CPU
		{9042B543-13D1-42B3-A5B6-5CC9AD55E150}.Release|Any CPU.Build.0 = Release|Any CPU
		{8DE42DA3-BE99-4E7E-A3D2-3F65E7C1ABCE}.Debug|Any CPU.ActiveCfg = Debug|Any CPU
		{8DE42DA3-BE99-4E7E-A3D2-3F65E7C1ABCE}.Debug|Any CPU.Build.0 = Debug|Any CPU
		{8DE42DA3-BE99-4E7E-A3D2-3F65E7C1ABCE}.Release|Any CPU.ActiveCfg = Release|Any CPU
		{8DE42DA3-BE99-4E7E-A3D2-3F65E7C1ABCE}.Release|Any CPU.Build.0 = Release|Any CPU
		{0E423DD6-FAAF-4A66-8828-6A5A5F22269B}.Debug|Any CPU.ActiveCfg = Debug|Any CPU
		{0E423DD6-FAAF-4A66-8828-6A5A5F22269B}.Debug|Any CPU.Build.0 = Debug|Any CPU
		{0E423DD6-FAAF-4A66-8828-6A5A5F22269B}.Release|Any CPU.ActiveCfg = Release|Any CPU
		{0E423DD6-FAAF-4A66-8828-6A5A5F22269B}.Release|Any CPU.Build.0 = Release|Any CPU
		{9D1D39D8-2387-46ED-A4A8-59D250C97F35}.Debug|Any CPU.ActiveCfg = Debug|Any CPU
		{9D1D39D8-2387-46ED-A4A8-59D250C97F35}.Debug|Any CPU.Build.0 = Debug|Any CPU
		{9D1D39D8-2387-46ED-A4A8-59D250C97F35}.Release|Any CPU.ActiveCfg = Release|Any CPU
		{9D1D39D8-2387-46ED-A4A8-59D250C97F35}.Release|Any CPU.Build.0 = Release|Any CPU
		{DC199D9E-CF10-41DD-BBCD-98E71BA8679D}.Debug|Any CPU.ActiveCfg = Debug|Any CPU
		{DC199D9E-CF10-41DD-BBCD-98E71BA8679D}.Debug|Any CPU.Build.0 = Debug|Any CPU
		{DC199D9E-CF10-41DD-BBCD-98E71BA8679D}.Release|Any CPU.ActiveCfg = Release|Any CPU
		{DC199D9E-CF10-41DD-BBCD-98E71BA8679D}.Release|Any CPU.Build.0 = Release|Any CPU
	EndGlobalSection
	GlobalSection(SolutionProperties) = preSolution
		HideSolutionNode = FALSE
	EndGlobalSection
	GlobalSection(NestedProjects) = preSolution
		{EE03FAA9-C9E8-4766-BD4E-5CD54C7F13D3} = {0DE8DA5D-061D-4649-8A56-48729CF1F789}
		{424B81BE-2FAC-419F-B4BC-00CCBE38491F} = {0DE8DA5D-061D-4649-8A56-48729CF1F789}
		{BEE88186-769A-452C-9DD9-D0E0815D92BF} = {0DE8DA5D-061D-4649-8A56-48729CF1F789}
		{DAFE686A-461B-402B-BBD7-2A2F4C87C773} = {0DE8DA5D-061D-4649-8A56-48729CF1F789}
		{37E20BAF-3577-4CD9-BB39-18675854E255} = {0DE8DA5D-061D-4649-8A56-48729CF1F789}
		{6AA4E392-AAAF-4408-B550-85863DD4BAAF} = {0DE8DA5D-061D-4649-8A56-48729CF1F789}
		{D640C36B-2C66-449B-A145-EB98322A67C8} = {0DE8DA5D-061D-4649-8A56-48729CF1F789}
		{8BFC8ED2-71CC-49DC-9020-2C8199BC27B6} = {0DE8DA5D-061D-4649-8A56-48729CF1F789}
		{619B7612-DFEA-442A-A927-D997F99C497B} = {0DE8DA5D-061D-4649-8A56-48729CF1F789}
		{9042B543-13D1-42B3-A5B6-5CC9AD55E150} = {0DE8DA5D-061D-4649-8A56-48729CF1F789}
		{8DE42DA3-BE99-4E7E-A3D2-3F65E7C1ABCE} = {0DE8DA5D-061D-4649-8A56-48729CF1F789}
		{0E423DD6-FAAF-4A66-8828-6A5A5F22269B} = {0DE8DA5D-061D-4649-8A56-48729CF1F789}
		{9D1D39D8-2387-46ED-A4A8-59D250C97F35} = {0DE8DA5D-061D-4649-8A56-48729CF1F789}
	EndGlobalSection
	GlobalSection(ExtensibilityGlobals) = postSolution
		SolutionGuid = {B9F2462F-603A-41C4-9CFC-1FAC60B4731C}
	EndGlobalSection
EndGlobal
