
Microsoft Visual Studio Solution File, Format Version 12.00
# Visual Studio Version 16
VisualStudioVersion = 16.0.29123.88
MinimumVisualStudioVersion = 10.0.40219.1
Project("{FAE04EC0-301F-11D3-BF4B-00C04F79EFBC}") = "Options", "Options\Options.csproj", "{6AA4E392-AAAF-4408-B550-85863DD4BAAF}"
EndProject
Global
	GlobalSection(SolutionConfigurationPlatforms) = preSolution
		Debug|Any CPU = Debug|Any CPU
		Release|Any CPU = Release|Any CPU
	EndGlobalSection
	GlobalSection(ProjectConfigurationPlatforms) = postSolution
		{6AA4E392-AAAF-4408-B550-85863DD4BAAF}.Debug|Any CPU.ActiveCfg = Debug|Any CPU
		{6AA4E392-AAAF-4408-B550-85863DD4BAAF}.Debug|Any CPU.Build.0 = Debug|Any CPU
		{6AA4E392-AAAF-4408-B550-85863DD4BAAF}.Release|Any CPU.ActiveCfg = Release|Any CPU
		{6AA4E392-AAAF-4408-B550-85863DD4BAAF}.Release|Any CPU.Build.0 = Release|Any CPU
	EndGlobalSection
	GlobalSection(SolutionProperties) = preSolution
		HideSolutionNode = FALSE
	EndGlobalSection
	GlobalSection(ExtensibilityGlobals) = postSolution
		SolutionGuid = {F9806379-F782-4BAF-94F7-6E170E5E5631}
	EndGlobalSection
EndGlobal
