
Microsoft Visual Studio Solution File, Format Version 12.00
# Visual Studio Version 16
VisualStudioVersion = 16.0.29123.88
MinimumVisualStudioVersion = 10.0.40219.1
Project("{FAE04EC0-301F-11D3-BF4B-00C04F79EFBC}") = "SendFile", "SendFile\SendFile.csproj", "{8DE42DA3-BE99-4E7E-A3D2-3F65E7C1ABCE}"
EndProject
Global
	GlobalSection(SolutionConfigurationPlatforms) = preSolution
		Debug|Any CPU = Debug|Any CPU
		Release|Any CPU = Release|Any CPU
	EndGlobalSection
	GlobalSection(ProjectConfigurationPlatforms) = postSolution
		{8DE42DA3-BE99-4E7E-A3D2-3F65E7C1ABCE}.Debug|Any CPU.ActiveCfg = Debug|Any CPU
		{8DE42DA3-BE99-4E7E-A3D2-3F65E7C1ABCE}.Debug|Any CPU.Build.0 = Debug|Any CPU
		{8DE42DA3-BE99-4E7E-A3D2-3F65E7C1ABCE}.Release|Any CPU.ActiveCfg = Release|Any CPU
		{8DE42DA3-BE99-4E7E-A3D2-3F65E7C1ABCE}.Release|Any CPU.Build.0 = Release|Any CPU
	EndGlobalSection
	GlobalSection(SolutionProperties) = preSolution
		HideSolutionNode = FALSE
	EndGlobalSection
	GlobalSection(ExtensibilityGlobals) = postSolution
		SolutionGuid = {7C37EDD7-F956-4399-BA52-FD089A972A6A}
	EndGlobalSection
EndGlobal
