
Microsoft Visual Studio Solution File, Format Version 12.00
# Visual Studio Version 16
VisualStudioVersion = 16.0.29123.88
MinimumVisualStudioVersion = 10.0.40219.1
Project("{FAE04EC0-301F-11D3-BF4B-00C04F79EFBC}") = "Chat", "Chat\Chat.csproj", "{EE03FAA9-C9E8-4766-BD4E-5CD54C7F13D3}"
EndProject
Global
	GlobalSection(SolutionConfigurationPlatforms) = preSolution
		Debug|Any CPU = Debug|Any CPU
		Release|Any CPU = Release|Any CPU
	EndGlobalSection
	GlobalSection(ProjectConfigurationPlatforms) = postSolution
		{EE03FAA9-C9E8-4766-BD4E-5CD54C7F13D3}.Debug|Any CPU.ActiveCfg = Debug|Any CPU
		{EE03FAA9-C9E8-4766-BD4E-5CD54C7F13D3}.Debug|Any CPU.Build.0 = Debug|Any CPU
		{EE03FAA9-C9E8-4766-BD4E-5CD54C7F13D3}.Release|Any CPU.ActiveCfg = Release|Any CPU
		{EE03FAA9-C9E8-4766-BD4E-5CD54C7F13D3}.Release|Any CPU.Build.0 = Release|Any CPU
	EndGlobalSection
	GlobalSection(SolutionProperties) = preSolution
		HideSolutionNode = FALSE
	EndGlobalSection
	GlobalSection(ExtensibilityGlobals) = postSolution
		SolutionGuid = {EF9C58BD-EA3A-4488-A8CD-871D19820CE4}
	EndGlobalSection
EndGlobal
