
Microsoft Visual Studio Solution File, Format Version 12.00
# Visual Studio Version 16
VisualStudioVersion = 16.0.30002.166
MinimumVisualStudioVersion = 10.0.40219.1
Project("{FAE04EC0-301F-11D3-BF4B-00C04F79EFBC}") = "SendMemory", "SendMemory\SendMemory.csproj", "{0E423DD6-FAAF-4A66-8828-6A5A5F22269B}"
EndProject
Global
	GlobalSection(SolutionConfigurationPlatforms) = preSolution
		Debug|Any CPU = Debug|Any CPU
		Release|Any CPU = Release|Any CPU
	EndGlobalSection
	GlobalSection(ProjectConfigurationPlatforms) = postSolution
		{0E423DD6-FAAF-4A66-8828-6A5A5F22269B}.Debug|Any CPU.ActiveCfg = Debug|Any CPU
		{0E423DD6-FAAF-4A66-8828-6A5A5F22269B}.Debug|Any CPU.Build.0 = Debug|Any CPU
		{0E423DD6-FAAF-4A66-8828-6A5A5F22269B}.Release|Any CPU.ActiveCfg = Release|Any CPU
		{0E423DD6-FAAF-4A66-8828-6A5A5F22269B}.Release|Any CPU.Build.0 = Release|Any CPU
	EndGlobalSection
	GlobalSection(SolutionProperties) = preSolution
		HideSolutionNode = FALSE
	EndGlobalSection
	GlobalSection(ExtensibilityGlobals) = postSolution
		SolutionGuid = {960A4538-1F35-45D9-8EDB-FCC72A709A7D}
	EndGlobalSection
EndGlobal
