
Microsoft Visual Studio Solution File, Format Version 12.00
# Visual Studio Version 16
VisualStudioVersion = 16.0.29123.88
MinimumVisualStudioVersion = 10.0.40219.1
Project("{FAE04EC0-301F-11D3-BF4B-00C04F79EFBC}") = "Miscellaneous", "Miscellaneous\Miscellaneous.csproj", "{37E20BAF-3577-4CD9-BB39-18675854E255}"
EndProject
Global
	GlobalSection(SolutionConfigurationPlatforms) = preSolution
		Debug|Any CPU = Debug|Any CPU
		Release|Any CPU = Release|Any CPU
	EndGlobalSection
	GlobalSection(ProjectConfigurationPlatforms) = postSolution
		{37E20BAF-3577-4CD9-BB39-18675854E255}.Debug|Any CPU.ActiveCfg = Debug|Any CPU
		{37E20BAF-3577-4CD9-BB39-18675854E255}.Debug|Any CPU.Build.0 = Debug|Any CPU
		{37E20BAF-3577-4CD9-BB39-18675854E255}.Release|Any CPU.ActiveCfg = Release|Any CPU
		{37E20BAF-3577-4CD9-BB39-18675854E255}.Release|Any CPU.Build.0 = Release|Any CPU
	EndGlobalSection
	GlobalSection(SolutionProperties) = preSolution
		HideSolutionNode = FALSE
	EndGlobalSection
	GlobalSection(ExtensibilityGlobals) = postSolution
		SolutionGuid = {25F73428-705F-4933-8D8E-8E3199E87CAB}
	EndGlobalSection
EndGlobal
