
Microsoft Visual Studio Solution File, Format Version 12.00
# Visual Studio Version 16
VisualStudioVersion = 16.0.29123.88
MinimumVisualStudioVersion = 10.0.40219.1
Project("{FAE04EC0-301F-11D3-BF4B-00C04F79EFBC}") = "Extra", "Extra\Extra.csproj", "{424B81BE-2FAC-419F-B4BC-00CCBE38491F}"
EndProject
Global
	GlobalSection(SolutionConfigurationPlatforms) = preSolution
		Debug|Any CPU = Debug|Any CPU
		Release|Any CPU = Release|Any CPU
	EndGlobalSection
	GlobalSection(ProjectConfigurationPlatforms) = postSolution
		{424B81BE-2FAC-419F-B4BC-00CCBE38491F}.Debug|Any CPU.ActiveCfg = Debug|Any CPU
		{424B81BE-2FAC-419F-B4BC-00CCBE38491F}.Debug|Any CPU.Build.0 = Debug|Any CPU
		{424B81BE-2FAC-419F-B4BC-00CCBE38491F}.Release|Any CPU.ActiveCfg = Release|Any CPU
		{424B81BE-2FAC-419F-B4BC-00CCBE38491F}.Release|Any CPU.Build.0 = Release|Any CPU
	EndGlobalSection
	GlobalSection(SolutionProperties) = preSolution
		HideSolutionNode = FALSE
	EndGlobalSection
	GlobalSection(ExtensibilityGlobals) = postSolution
		SolutionGuid = {4987DF63-DF17-42CF-AB54-BDFDA9768CF0}
	EndGlobalSection
EndGlobal
